# This file is autogenerated, do not edit; changes may be undone by the next 'dep ensure'.


[[projects]]
  branch = "master"
  name = "github.com/TsvetanMilanov/go-lambda-workflow"
  packages = ["workflow"]
  revision = "7525fa9887af488bedc0a4414635263d5819cc65"

[[projects]]
  name = "github.com/aws/aws-lambda-go"
  packages = ["events","lambda","lambda/messages","lambdacontext"]
  revision = "4d30d0ff60440c2d0480a15747c96ee71c3c53d4"
  version = "v1.2.0"

[[projects]]
  branch = "master"
  name = "github.com/zahhak/devices-rack-organizer"
  packages = ["server/src/services/device-service/lib/handlers","server/src/services/device-service/lib/requests"]
  revision = "ba4c8605f484ddcccb6806e8a2ee1ec96ebf3486"

[solve-meta]
  analyzer-name = "dep"
  analyzer-version = 1
  inputs-digest = "21285bba6ee79d921c796f3dc34bf51143f59bc1a7b3b2b555c2652d6839970c"
  solver-name = "gps-cdcl"
  solver-version = 1
